
Microsoft Visual Studio Solution File, Format Version 12.00
# Visual Studio 2013
VisualStudioVersion = 12.0.30723.0
MinimumVisualStudioVersion = 10.0.40219.1
Project("{FAE04EC0-301F-11D3-BF4B-00C04F79EFBC}") = "ElCavernas.Tridion.EventSystem", "ElCavernas.Tridion.EventSystem\ElCavernas.Tridion.EventSystem.csproj", "{BF2A810A-6216-4791-AC87-A49B6D324A13}"
EndProject
Project("{FAE04EC0-301F-11D3-BF4B-00C04F79EFBC}") = "ElCavernas.Tridion.Templates", "ElCavernas.Tridion.Templates\ElCavernas.Tridion.Templates.csproj", "{4CA92D49-B0BF-4B12-9247-CA161E97AE86}"
EndProject
Project("{FAE04EC0-301F-11D3-BF4B-00C04F79EFBC}") = "ElCavernas.Tridion.Website", "ElCavernas.Tridion.Website\ElCavernas.Tridion.Website.csproj", "{B3430660-BADF-4DE9-A8C9-042B0AB2A51F}"
EndProject
Global
	GlobalSection(SolutionConfigurationPlatforms) = preSolution
		Debug|Any CPU = Debug|Any CPU
		Release|Any CPU = Release|Any CPU
	EndGlobalSection
	GlobalSection(ProjectConfigurationPlatforms) = postSolution
		{BF2A810A-6216-4791-AC87-A49B6D324A13}.Debug|Any CPU.ActiveCfg = Debug|Any CPU
		{BF2A810A-6216-4791-AC87-A49B6D324A13}.Debug|Any CPU.Build.0 = Debug|Any CPU
		{BF2A810A-6216-4791-AC87-A49B6D324A13}.Release|Any CPU.ActiveCfg = Release|Any CPU
		{BF2A810A-6216-4791-AC87-A49B6D324A13}.Release|Any CPU.Build.0 = Release|Any CPU
		{4CA92D49-B0BF-4B12-9247-CA161E97AE86}.Debug|Any CPU.ActiveCfg = Debug|Any CPU
		{4CA92D49-B0BF-4B12-9247-CA161E97AE86}.Debug|Any CPU.Build.0 = Debug|Any CPU
		{4CA92D49-B0BF-4B12-9247-CA161E97AE86}.Release|Any CPU.ActiveCfg = Release|Any CPU
		{4CA92D49-B0BF-4B12-9247-CA161E97AE86}.Release|Any CPU.Build.0 = Release|Any CPU
		{B3430660-BADF-4DE9-A8C9-042B0AB2A51F}.Debug|Any CPU.ActiveCfg = Debug|Any CPU
		{B3430660-BADF-4DE9-A8C9-042B0AB2A51F}.Debug|Any CPU.Build.0 = Debug|Any CPU
		{B3430660-BADF-4DE9-A8C9-042B0AB2A51F}.Release|Any CPU.ActiveCfg = Release|Any CPU
		{B3430660-BADF-4DE9-A8C9-042B0AB2A51F}.Release|Any CPU.Build.0 = Release|Any CPU
	EndGlobalSection
	GlobalSection(SolutionProperties) = preSolution
		HideSolutionNode = FALSE
	EndGlobalSection
EndGlobal
